
Microsoft Visual Studio Solution File, Format Version 12.00
# Visual Studio Version 17
VisualStudioVersion = 17.4.33213.308
MinimumVisualStudioVersion = 10.0.40219.1
Project("{9A19103F-16F7-4668-BE54-9A1E7A4F7556}") = "UrlShortener.Api", "src\UrlShortener.Api\UrlShortener.Api.csproj", "{E08DE300-8CBA-401B-A034-9274F1FFAB84}"
EndProject
Project("{9A19103F-16F7-4668-BE54-9A1E7A4F7556}") = "UrlShortener.Application", "src\UrlShortener.Application\UrlShortener.Application.csproj", "{B8A8776E-CD45-4934-9FEF-8B4230ABF758}"
EndProject
Project("{9A19103F-16F7-4668-BE54-9A1E7A4F7556}") = "UrlShortener.Domain", "src\UrlShortener.Domain\UrlShortener.Domain.csproj", "{AB8F30E4-35FE-4628-8EF7-406C11410837}"
EndProject
Project("{9A19103F-16F7-4668-BE54-9A1E7A4F7556}") = "UrlShortener.Data", "src\UrlShortener.Data\UrlShortener.Data.csproj", "{1557D2F0-E80D-4D94-9638-C2905CB44D2C}"
EndProject
Project("{FAE04EC0-301F-11D3-BF4B-00C04F79EFBC}") = "UrlShortener.Common", "src\UrlShortener.Common\UrlShortener.Common.csproj", "{5C47B19E-070F-40E1-9117-AEDD7950B1C3}"
EndProject
Global
	GlobalSection(SolutionConfigurationPlatforms) = preSolution
		Debug|Any CPU = Debug|Any CPU
		Release|Any CPU = Release|Any CPU
	EndGlobalSection
	GlobalSection(ProjectConfigurationPlatforms) = postSolution
		{E08DE300-8CBA-401B-A034-9274F1FFAB84}.Debug|Any CPU.ActiveCfg = Debug|Any CPU
		{E08DE300-8CBA-401B-A034-9274F1FFAB84}.Debug|Any CPU.Build.0 = Debug|Any CPU
		{E08DE300-8CBA-401B-A034-9274F1FFAB84}.Release|Any CPU.ActiveCfg = Release|Any CPU
		{E08DE300-8CBA-401B-A034-9274F1FFAB84}.Release|Any CPU.Build.0 = Release|Any CPU
		{B8A8776E-CD45-4934-9FEF-8B4230ABF758}.Debug|Any CPU.ActiveCfg = Debug|Any CPU
		{B8A8776E-CD45-4934-9FEF-8B4230ABF758}.Debug|Any CPU.Build.0 = Debug|Any CPU
		{B8A8776E-CD45-4934-9FEF-8B4230ABF758}.Release|Any CPU.ActiveCfg = Release|Any CPU
		{B8A8776E-CD45-4934-9FEF-8B4230ABF758}.Release|Any CPU.Build.0 = Release|Any CPU
		{AB8F30E4-35FE-4628-8EF7-406C11410837}.Debug|Any CPU.ActiveCfg = Debug|Any CPU
		{AB8F30E4-35FE-4628-8EF7-406C11410837}.Debug|Any CPU.Build.0 = Debug|Any CPU
		{AB8F30E4-35FE-4628-8EF7-406C11410837}.Release|Any CPU.ActiveCfg = Release|Any CPU
		{AB8F30E4-35FE-4628-8EF7-406C11410837}.Release|Any CPU.Build.0 = Release|Any CPU
		{1557D2F0-E80D-4D94-9638-C2905CB44D2C}.Debug|Any CPU.ActiveCfg = Debug|Any CPU
		{1557D2F0-E80D-4D94-9638-C2905CB44D2C}.Debug|Any CPU.Build.0 = Debug|Any CPU
		{1557D2F0-E80D-4D94-9638-C2905CB44D2C}.Release|Any CPU.ActiveCfg = Release|Any CPU
		{1557D2F0-E80D-4D94-9638-C2905CB44D2C}.Release|Any CPU.Build.0 = Release|Any CPU
		{5C47B19E-070F-40E1-9117-AEDD7950B1C3}.Debug|Any CPU.ActiveCfg = Debug|Any CPU
		{5C47B19E-070F-40E1-9117-AEDD7950B1C3}.Debug|Any CPU.Build.0 = Debug|Any CPU
		{5C47B19E-070F-40E1-9117-AEDD7950B1C3}.Release|Any CPU.ActiveCfg = Release|Any CPU
		{5C47B19E-070F-40E1-9117-AEDD7950B1C3}.Release|Any CPU.Build.0 = Release|Any CPU
	EndGlobalSection
	GlobalSection(SolutionProperties) = preSolution
		HideSolutionNode = FALSE
	EndGlobalSection
	GlobalSection(ExtensibilityGlobals) = postSolution
		SolutionGuid = {6132DD6F-E01F-415E-A650-4C4993DD35B9}
	EndGlobalSection
EndGlobal
